
Microsoft Visual Studio Solution File, Format Version 12.00
# Visual Studio 15
Project("{FAE04EC0-301F-11D3-BF4B-00C04F79EFBC}") = "MarbleMaker.Core", "MarbleMaker.Core.csproj", "{A0982C6F-454B-84A4-FFD4-BBED5FCC269E}"
EndProject
Project("{FAE04EC0-301F-11D3-BF4B-00C04F79EFBC}") = "MarbleMaker.Core.ECS", "MarbleMaker.Core.ECS.csproj", "{8AAC4C07-2C5E-D74B-CE7D-EB14D9B5C2C8}"
EndProject
Project("{FAE04EC0-301F-11D3-BF4B-00C04F79EFBC}") = "Assembly-CSharp-Editor", "Assembly-CSharp-Editor.csproj", "{234CCDE4-FB10-2415-1B14-7ED9764D3AC0}"
EndProject
Project("{FAE04EC0-301F-11D3-BF4B-00C04F79EFBC}") = "MarbleMaker.Core.UI", "MarbleMaker.Core.UI.csproj", "{AA4DBB35-F5D2-066F-757B-C4699893FB7B}"
EndProject
Project("{FAE04EC0-301F-11D3-BF4B-00C04F79EFBC}") = "MarbleMaker.Core.AssetStreaming", "MarbleMaker.Core.AssetStreaming.csproj", "{F099DE96-EC4B-0E54-3893-68E5CA3D7FBD}"
EndProject
Project("{FAE04EC0-301F-11D3-BF4B-00C04F79EFBC}") = "Assembly-CSharp", "Assembly-CSharp.csproj", "{F60B3FC3-278E-2153-D273-DD833F66B56C}"
EndProject
Global
	GlobalSection(SolutionConfigurationPlatforms) = preSolution
		Debug|Any CPU = Debug|Any CPU
		Release|Any CPU = Release|Any CPU
	EndGlobalSection
	GlobalSection(ProjectConfigurationPlatforms) = postSolution
		{A0982C6F-454B-84A4-FFD4-BBED5FCC269E}.Debug|Any CPU.ActiveCfg = Debug|Any CPU
		{A0982C6F-454B-84A4-FFD4-BBED5FCC269E}.Debug|Any CPU.Build.0 = Debug|Any CPU
		{A0982C6F-454B-84A4-FFD4-BBED5FCC269E}.Release|Any CPU.ActiveCfg = Release|Any CPU
		{A0982C6F-454B-84A4-FFD4-BBED5FCC269E}.Release|Any CPU.Build.0 = Release|Any CPU
		{8AAC4C07-2C5E-D74B-CE7D-EB14D9B5C2C8}.Debug|Any CPU.ActiveCfg = Debug|Any CPU
		{8AAC4C07-2C5E-D74B-CE7D-EB14D9B5C2C8}.Debug|Any CPU.Build.0 = Debug|Any CPU
		{8AAC4C07-2C5E-D74B-CE7D-EB14D9B5C2C8}.Release|Any CPU.ActiveCfg = Release|Any CPU
		{8AAC4C07-2C5E-D74B-CE7D-EB14D9B5C2C8}.Release|Any CPU.Build.0 = Release|Any CPU
		{234CCDE4-FB10-2415-1B14-7ED9764D3AC0}.Debug|Any CPU.ActiveCfg = Debug|Any CPU
		{234CCDE4-FB10-2415-1B14-7ED9764D3AC0}.Debug|Any CPU.Build.0 = Debug|Any CPU
		{234CCDE4-FB10-2415-1B14-7ED9764D3AC0}.Release|Any CPU.ActiveCfg = Release|Any CPU
		{234CCDE4-FB10-2415-1B14-7ED9764D3AC0}.Release|Any CPU.Build.0 = Release|Any CPU
		{AA4DBB35-F5D2-066F-757B-C4699893FB7B}.Debug|Any CPU.ActiveCfg = Debug|Any CPU
		{AA4DBB35-F5D2-066F-757B-C4699893FB7B}.Debug|Any CPU.Build.0 = Debug|Any CPU
		{AA4DBB35-F5D2-066F-757B-C4699893FB7B}.Release|Any CPU.ActiveCfg = Release|Any CPU
		{AA4DBB35-F5D2-066F-757B-C4699893FB7B}.Release|Any CPU.Build.0 = Release|Any CPU
		{F099DE96-EC4B-0E54-3893-68E5CA3D7FBD}.Debug|Any CPU.ActiveCfg = Debug|Any CPU
		{F099DE96-EC4B-0E54-3893-68E5CA3D7FBD}.Debug|Any CPU.Build.0 = Debug|Any CPU
		{F099DE96-EC4B-0E54-3893-68E5CA3D7FBD}.Release|Any CPU.ActiveCfg = Release|Any CPU
		{F099DE96-EC4B-0E54-3893-68E5CA3D7FBD}.Release|Any CPU.Build.0 = Release|Any CPU
		{F60B3FC3-278E-2153-D273-DD833F66B56C}.Debug|Any CPU.ActiveCfg = Debug|Any CPU
		{F60B3FC3-278E-2153-D273-DD833F66B56C}.Debug|Any CPU.Build.0 = Debug|Any CPU
		{F60B3FC3-278E-2153-D273-DD833F66B56C}.Release|Any CPU.ActiveCfg = Release|Any CPU
		{F60B3FC3-278E-2153-D273-DD833F66B56C}.Release|Any CPU.Build.0 = Release|Any CPU
	EndGlobalSection
	GlobalSection(SolutionProperties) = preSolution
		HideSolutionNode = FALSE
	EndGlobalSection
EndGlobal
